
Microsoft Visual Studio Solution File, Format Version 12.00
# Visual Studio Version 16
VisualStudioVersion = 16.0.30330.147
MinimumVisualStudioVersion = 10.0.40219.1
Project("{FAE04EC0-301F-11D3-BF4B-00C04F79EFBC}") = "CheckDir2", "CheckDir2\CheckDir2.csproj", "{4879761C-F35B-4A91-A9DC-85DEDBC2CC0E}"
EndProject
Global
	GlobalSection(SolutionConfigurationPlatforms) = preSolution
		Debug|Any CPU = Debug|Any CPU
		Release|Any CPU = Release|Any CPU
	EndGlobalSection
	GlobalSection(ProjectConfigurationPlatforms) = postSolution
		{4879761C-F35B-4A91-A9DC-85DEDBC2CC0E}.Debug|Any CPU.ActiveCfg = Debug|Any CPU
		{4879761C-F35B-4A91-A9DC-85DEDBC2CC0E}.Debug|Any CPU.Build.0 = Debug|Any CPU
		{4879761C-F35B-4A91-A9DC-85DEDBC2CC0E}.Release|Any CPU.ActiveCfg = Release|Any CPU
		{4879761C-F35B-4A91-A9DC-85DEDBC2CC0E}.Release|Any CPU.Build.0 = Release|Any CPU
	EndGlobalSection
	GlobalSection(SolutionProperties) = preSolution
		HideSolutionNode = FALSE
	EndGlobalSection
	GlobalSection(ExtensibilityGlobals) = postSolution
		SolutionGuid = {84F2FDFD-386B-42E8-AF18-926822D3309D}
	EndGlobalSection
EndGlobal
